
Microsoft Visual Studio Solution File, Format Version 12.00
# Visual Studio Version 17
VisualStudioVersion = 17.2.32526.322
MinimumVisualStudioVersion = 10.0.40219.1
Project("{54A90642-561A-4BB1-A94E-469ADEE60C69}") = "ReactUseStateHook", "ReactUseStateHook\ReactUseStateHook.esproj", "{782145B1-90CA-41E4-8215-400EA57CBA7E}"
EndProject
Global
	GlobalSection(SolutionConfigurationPlatforms) = preSolution
		Debug|Any CPU = Debug|Any CPU
		Release|Any CPU = Release|Any CPU
	EndGlobalSection
	GlobalSection(ProjectConfigurationPlatforms) = postSolution
		{782145B1-90CA-41E4-8215-400EA57CBA7E}.Debug|Any CPU.ActiveCfg = Debug|Any CPU
		{782145B1-90CA-41E4-8215-400EA57CBA7E}.Debug|Any CPU.Build.0 = Debug|Any CPU
		{782145B1-90CA-41E4-8215-400EA57CBA7E}.Debug|Any CPU.Deploy.0 = Debug|Any CPU
		{782145B1-90CA-41E4-8215-400EA57CBA7E}.Release|Any CPU.ActiveCfg = Release|Any CPU
		{782145B1-90CA-41E4-8215-400EA57CBA7E}.Release|Any CPU.Build.0 = Release|Any CPU
		{782145B1-90CA-41E4-8215-400EA57CBA7E}.Release|Any CPU.Deploy.0 = Release|Any CPU
	EndGlobalSection
	GlobalSection(SolutionProperties) = preSolution
		HideSolutionNode = FALSE
	EndGlobalSection
	GlobalSection(ExtensibilityGlobals) = postSolution
		SolutionGuid = {8A5C297E-EA3D-40CB-96D6-7BAAD9BFCE93}
	EndGlobalSection
EndGlobal
